
Microsoft Visual Studio Solution File, Format Version 12.00
# Visual Studio Version 16
VisualStudioVersion = 16.0.32106.194
MinimumVisualStudioVersion = 10.0.40219.1
Project("{FAE04EC0-301F-11D3-BF4B-00C04F79EFBC}") = "Nefarius.Utilities.DeviceManagement", "Nefarius.Utilities.DeviceManagement.csproj", "{410F8177-07FD-4A66-B77B-46F77D97C1A1}"
EndProject
Global
	GlobalSection(SolutionConfigurationPlatforms) = preSolution
		Debug|Any CPU = Debug|Any CPU
		Release|Any CPU = Release|Any CPU
	EndGlobalSection
	GlobalSection(ProjectConfigurationPlatforms) = postSolution
		{410F8177-07FD-4A66-B77B-46F77D97C1A1}.Debug|Any CPU.ActiveCfg = Debug|Any CPU
		{410F8177-07FD-4A66-B77B-46F77D97C1A1}.Debug|Any CPU.Build.0 = Debug|Any CPU
		{410F8177-07FD-4A66-B77B-46F77D97C1A1}.Release|Any CPU.ActiveCfg = Release|Any CPU
		{410F8177-07FD-4A66-B77B-46F77D97C1A1}.Release|Any CPU.Build.0 = Release|Any CPU
	EndGlobalSection
	GlobalSection(SolutionProperties) = preSolution
		HideSolutionNode = FALSE
	EndGlobalSection
	GlobalSection(ExtensibilityGlobals) = postSolution
		SolutionGuid = {BDCEE64D-012C-432F-A1F4-3D369FC51DFC}
	EndGlobalSection
EndGlobal
