
Microsoft Visual Studio Solution File, Format Version 12.00
# Visual Studio Version 17
VisualStudioVersion = 17.3.32825.248
MinimumVisualStudioVersion = 10.0.40219.1
Project("{9A19103F-16F7-4668-BE54-9A1E7A4F7556}") = "Nefarius.Utilities.DeviceManagement", "Nefarius.Utilities.DeviceManagement.csproj", "{410F8177-07FD-4A66-B77B-46F77D97C1A1}"
EndProject
Project("{9A19103F-16F7-4668-BE54-9A1E7A4F7556}") = "Tests", "Tests\Tests.csproj", "{32764B11-187C-4B57-B765-6B19E48272C3}"
EndProject
Project("{9A19103F-16F7-4668-BE54-9A1E7A4F7556}") = "DeviceManagementPropertiesGenerator", "Generator\DeviceManagementPropertiesGenerator.csproj", "{BA3335D6-C9B1-4319-B5CB-DB4EA151F0A8}"
EndProject
Project("{2150E333-8FDC-42A3-9474-1A3956D46DE8}") = "Solution Items", "Solution Items", "{9473D630-747A-4F52-B42F-DE3EA1FEACD0}"
	ProjectSection(SolutionItems) = preProject
		.editorconfig = .editorconfig
		appveyor.yml = appveyor.yml
		README-NuGet.md = README-NuGet.md
		README.md = README.md
	EndProjectSection
EndProject
Global
	GlobalSection(SolutionConfigurationPlatforms) = preSolution
		Debug|Any CPU = Debug|Any CPU
		Release|Any CPU = Release|Any CPU
	EndGlobalSection
	GlobalSection(ProjectConfigurationPlatforms) = postSolution
		{410F8177-07FD-4A66-B77B-46F77D97C1A1}.Debug|Any CPU.ActiveCfg = Debug|Any CPU
		{410F8177-07FD-4A66-B77B-46F77D97C1A1}.Debug|Any CPU.Build.0 = Debug|Any CPU
		{410F8177-07FD-4A66-B77B-46F77D97C1A1}.Release|Any CPU.ActiveCfg = Release|Any CPU
		{410F8177-07FD-4A66-B77B-46F77D97C1A1}.Release|Any CPU.Build.0 = Release|Any CPU
		{32764B11-187C-4B57-B765-6B19E48272C3}.Debug|Any CPU.ActiveCfg = Debug|Any CPU
		{32764B11-187C-4B57-B765-6B19E48272C3}.Debug|Any CPU.Build.0 = Debug|Any CPU
		{32764B11-187C-4B57-B765-6B19E48272C3}.Release|Any CPU.ActiveCfg = Release|Any CPU
		{32764B11-187C-4B57-B765-6B19E48272C3}.Release|Any CPU.Build.0 = Release|Any CPU
		{BA3335D6-C9B1-4319-B5CB-DB4EA151F0A8}.Debug|Any CPU.ActiveCfg = Debug|Any CPU
		{BA3335D6-C9B1-4319-B5CB-DB4EA151F0A8}.Debug|Any CPU.Build.0 = Debug|Any CPU
		{BA3335D6-C9B1-4319-B5CB-DB4EA151F0A8}.Release|Any CPU.ActiveCfg = Release|Any CPU
		{BA3335D6-C9B1-4319-B5CB-DB4EA151F0A8}.Release|Any CPU.Build.0 = Release|Any CPU
	EndGlobalSection
	GlobalSection(SolutionProperties) = preSolution
		HideSolutionNode = FALSE
	EndGlobalSection
	GlobalSection(ExtensibilityGlobals) = postSolution
		SolutionGuid = {BDCEE64D-012C-432F-A1F4-3D369FC51DFC}
	EndGlobalSection
EndGlobal
